
Microsoft Visual Studio Solution File, Format Version 12.00
# Visual Studio Version 16
VisualStudioVersion = 16.0.29409.12
MinimumVisualStudioVersion = 10.0.40219.1
Project("{9A19103F-16F7-4668-BE54-9A1E7A4F7556}") = "Application.WebApi", "Application.WebApi\Application.WebApi.csproj", "{63E06707-29D7-4794-90A5-8C31133F8A94}"
EndProject
Project("{9A19103F-16F7-4668-BE54-9A1E7A4F7556}") = "Application.Infrastucture", "Application.Infrastucture\Application.Infrastucture.csproj", "{6E9E2CCB-04D3-4A9A-8C0F-4AF784468C27}"
EndProject
Project("{9A19103F-16F7-4668-BE54-9A1E7A4F7556}") = "Application.Domain", "Application.Domain\Application.Domain.csproj", "{5CD15D05-00D2-4779-89C0-49D256A02270}"
EndProject
Project("{9A19103F-16F7-4668-BE54-9A1E7A4F7556}") = "Application.DAL", "Application.DAL\Application.DAL.csproj", "{16092073-9384-4D81-98F2-AC2B51D9192A}"
EndProject
Project("{FAE04EC0-301F-11D3-BF4B-00C04F79EFBC}") = "Application.Tests", "Application.Tests\Application.Tests.csproj", "{EE8ED95C-1C66-4251-AFD5-D0425C5307E2}"
EndProject
Global
	GlobalSection(SolutionConfigurationPlatforms) = preSolution
		Debug|Any CPU = Debug|Any CPU
		Release|Any CPU = Release|Any CPU
	EndGlobalSection
	GlobalSection(ProjectConfigurationPlatforms) = postSolution
		{63E06707-29D7-4794-90A5-8C31133F8A94}.Debug|Any CPU.ActiveCfg = Debug|Any CPU
		{63E06707-29D7-4794-90A5-8C31133F8A94}.Debug|Any CPU.Build.0 = Debug|Any CPU
		{63E06707-29D7-4794-90A5-8C31133F8A94}.Release|Any CPU.ActiveCfg = Release|Any CPU
		{63E06707-29D7-4794-90A5-8C31133F8A94}.Release|Any CPU.Build.0 = Release|Any CPU
		{6E9E2CCB-04D3-4A9A-8C0F-4AF784468C27}.Debug|Any CPU.ActiveCfg = Debug|Any CPU
		{6E9E2CCB-04D3-4A9A-8C0F-4AF784468C27}.Debug|Any CPU.Build.0 = Debug|Any CPU
		{6E9E2CCB-04D3-4A9A-8C0F-4AF784468C27}.Release|Any CPU.ActiveCfg = Release|Any CPU
		{6E9E2CCB-04D3-4A9A-8C0F-4AF784468C27}.Release|Any CPU.Build.0 = Release|Any CPU
		{5CD15D05-00D2-4779-89C0-49D256A02270}.Debug|Any CPU.ActiveCfg = Debug|Any CPU
		{5CD15D05-00D2-4779-89C0-49D256A02270}.Debug|Any CPU.Build.0 = Debug|Any CPU
		{5CD15D05-00D2-4779-89C0-49D256A02270}.Release|Any CPU.ActiveCfg = Release|Any CPU
		{5CD15D05-00D2-4779-89C0-49D256A02270}.Release|Any CPU.Build.0 = Release|Any CPU
		{16092073-9384-4D81-98F2-AC2B51D9192A}.Debug|Any CPU.ActiveCfg = Debug|Any CPU
		{16092073-9384-4D81-98F2-AC2B51D9192A}.Debug|Any CPU.Build.0 = Debug|Any CPU
		{16092073-9384-4D81-98F2-AC2B51D9192A}.Release|Any CPU.ActiveCfg = Release|Any CPU
		{16092073-9384-4D81-98F2-AC2B51D9192A}.Release|Any CPU.Build.0 = Release|Any CPU
		{EE8ED95C-1C66-4251-AFD5-D0425C5307E2}.Debug|Any CPU.ActiveCfg = Debug|Any CPU
		{EE8ED95C-1C66-4251-AFD5-D0425C5307E2}.Debug|Any CPU.Build.0 = Debug|Any CPU
		{EE8ED95C-1C66-4251-AFD5-D0425C5307E2}.Release|Any CPU.ActiveCfg = Release|Any CPU
		{EE8ED95C-1C66-4251-AFD5-D0425C5307E2}.Release|Any CPU.Build.0 = Release|Any CPU
	EndGlobalSection
	GlobalSection(SolutionProperties) = preSolution
		HideSolutionNode = FALSE
	EndGlobalSection
	GlobalSection(ExtensibilityGlobals) = postSolution
		SolutionGuid = {E77EE8B3-43EA-4491-B198-50A17864021D}
	EndGlobalSection
EndGlobal
